{
  "meteor": {},
  "dependencies": {
    "basePackages": {
      "template-animation-helper": {},
      "view-manager": {}
    },
    "packages": {
      "template-animation-helper": {
        "git": "https://github.com/frozeman/meteor-template-animation-helper.git",
        "tag": "v1.1.0",
        "commit": "abc6a5ed080f048f00011fc560724e93ace42674"
      },
      "view-manager": {
        "git": "https://github.com/frozeman/meteor-view-manager.git",
        "tag": "v0.1.6",
        "commit": "e689883ce22917c5254c25a661588a549c1d933c"
      }
    }
  }
}
