{
  "meteor": {},
  "dependencies": {
    "basePackages": {
      "template-animation-helper": {},
      "view-manager": {}
    },
    "packages": {
      "template-animation-helper": {
        "git": "https://github.com/frozeman/meteor-template-animation-helper.git",
        "tag": "v1.1.4",
        "commit": "dc979ae35b2205b222fd9c8b8b1c6a5189617d2f"
      },
      "view-manager": {
        "git": "https://github.com/frozeman/meteor-view-manager.git",
        "tag": "v0.1.6",
        "commit": "e689883ce22917c5254c25a661588a549c1d933c"
      }
    }
  }
}
